
Microsoft Visual Studio Solution File, Format Version 12.00
# Visual Studio Version 16
VisualStudioVersion = 16.0.30907.101
MinimumVisualStudioVersion = 10.0.40219.1
Project("{FAE04EC0-301F-11D3-BF4B-00C04F79EFBC}") = "LuckyTiketLib", "LuckyTiketLib\LuckyTiketLib.csproj", "{E1C4079C-0387-4771-9A9A-8022412DE5B8}"
EndProject
Project("{FAE04EC0-301F-11D3-BF4B-00C04F79EFBC}") = "LuckyTicketView", "LuckyTicketView\LuckyTicketView.csproj", "{00D715A9-061C-4DF9-A75F-979DAA6BF665}"
EndProject
Global
	GlobalSection(SolutionConfigurationPlatforms) = preSolution
		Debug|Any CPU = Debug|Any CPU
		Release|Any CPU = Release|Any CPU
	EndGlobalSection
	GlobalSection(ProjectConfigurationPlatforms) = postSolution
		{E1C4079C-0387-4771-9A9A-8022412DE5B8}.Debug|Any CPU.ActiveCfg = Debug|Any CPU
		{E1C4079C-0387-4771-9A9A-8022412DE5B8}.Debug|Any CPU.Build.0 = Debug|Any CPU
		{E1C4079C-0387-4771-9A9A-8022412DE5B8}.Release|Any CPU.ActiveCfg = Release|Any CPU
		{E1C4079C-0387-4771-9A9A-8022412DE5B8}.Release|Any CPU.Build.0 = Release|Any CPU
		{00D715A9-061C-4DF9-A75F-979DAA6BF665}.Debug|Any CPU.ActiveCfg = Debug|Any CPU
		{00D715A9-061C-4DF9-A75F-979DAA6BF665}.Debug|Any CPU.Build.0 = Debug|Any CPU
		{00D715A9-061C-4DF9-A75F-979DAA6BF665}.Release|Any CPU.ActiveCfg = Release|Any CPU
		{00D715A9-061C-4DF9-A75F-979DAA6BF665}.Release|Any CPU.Build.0 = Release|Any CPU
	EndGlobalSection
	GlobalSection(SolutionProperties) = preSolution
		HideSolutionNode = FALSE
	EndGlobalSection
	GlobalSection(ExtensibilityGlobals) = postSolution
		SolutionGuid = {94FFD335-6E4C-428E-A560-8648D6AEBD9B}
	EndGlobalSection
EndGlobal
